
Microsoft Visual Studio Solution File, Format Version 12.00
# Visual Studio Version 16
VisualStudioVersion = 16.0.31005.135
MinimumVisualStudioVersion = 10.0.40219.1
Project("{9A19103F-16F7-4668-BE54-9A1E7A4F7556}") = "DAL", "Sem_6_Task\DAL.csproj", "{559D45A6-9A12-41EE-A392-7AB40FB77D09}"
EndProject
Project("{FAE04EC0-301F-11D3-BF4B-00C04F79EFBC}") = "Utilities", "Utilities\Utilities.csproj", "{13A388CF-8CC1-48F4-9F30-7C83AF05225E}"
EndProject
Project("{FAE04EC0-301F-11D3-BF4B-00C04F79EFBC}") = "BLL", "BLL\BLL.csproj", "{08EAAC11-BFAE-4E6C-A564-0D54D737381D}"
EndProject
Global
	GlobalSection(SolutionConfigurationPlatforms) = preSolution
		Debug|Any CPU = Debug|Any CPU
		Release|Any CPU = Release|Any CPU
	EndGlobalSection
	GlobalSection(ProjectConfigurationPlatforms) = postSolution
		{559D45A6-9A12-41EE-A392-7AB40FB77D09}.Debug|Any CPU.ActiveCfg = Debug|Any CPU
		{559D45A6-9A12-41EE-A392-7AB40FB77D09}.Debug|Any CPU.Build.0 = Debug|Any CPU
		{559D45A6-9A12-41EE-A392-7AB40FB77D09}.Release|Any CPU.ActiveCfg = Release|Any CPU
		{559D45A6-9A12-41EE-A392-7AB40FB77D09}.Release|Any CPU.Build.0 = Release|Any CPU
		{13A388CF-8CC1-48F4-9F30-7C83AF05225E}.Debug|Any CPU.ActiveCfg = Debug|Any CPU
		{13A388CF-8CC1-48F4-9F30-7C83AF05225E}.Debug|Any CPU.Build.0 = Debug|Any CPU
		{13A388CF-8CC1-48F4-9F30-7C83AF05225E}.Release|Any CPU.ActiveCfg = Release|Any CPU
		{13A388CF-8CC1-48F4-9F30-7C83AF05225E}.Release|Any CPU.Build.0 = Release|Any CPU
		{08EAAC11-BFAE-4E6C-A564-0D54D737381D}.Debug|Any CPU.ActiveCfg = Debug|Any CPU
		{08EAAC11-BFAE-4E6C-A564-0D54D737381D}.Debug|Any CPU.Build.0 = Debug|Any CPU
		{08EAAC11-BFAE-4E6C-A564-0D54D737381D}.Release|Any CPU.ActiveCfg = Release|Any CPU
		{08EAAC11-BFAE-4E6C-A564-0D54D737381D}.Release|Any CPU.Build.0 = Release|Any CPU
	EndGlobalSection
	GlobalSection(SolutionProperties) = preSolution
		HideSolutionNode = FALSE
	EndGlobalSection
	GlobalSection(ExtensibilityGlobals) = postSolution
		SolutionGuid = {0DDF4E84-7FF2-4A71-9AF6-F896FED7CD39}
	EndGlobalSection
EndGlobal
